// !$*UTF8*$!
{
	archiveVersion = 1;
	classes = {
	};
	objectVersion = 50;
	objects = {

/* Begin PBXBuildFile section */
		FF737C5D225AF562009BFC87 /* AppDelegate.swift in Sources */ = {isa = PBXBuildFile; fileRef = FF737C5C225AF562009BFC87 /* AppDelegate.swift */; };
		FF737C5F225AF562009BFC87 /* ViewController.swift in Sources */ = {isa = PBXBuildFile; fileRef = FF737C5E225AF562009BFC87 /* ViewController.swift */; };
		FF737C62225AF562009BFC87 /* Main.storyboard in Resources */ = {isa = PBXBuildFile; fileRef = FF737C60225AF562009BFC87 /* Main.storyboard */; };
		FF737C64225AF563009BFC87 /* Assets.xcassets in Resources */ = {isa = PBXBuildFile; fileRef = FF737C63225AF563009BFC87 /* Assets.xcassets */; };
		FF737C67225AF563009BFC87 /* LaunchScreen.storyboard in Resources */ = {isa = PBXBuildFile; fileRef = FF737C65225AF563009BFC87 /* LaunchScreen.storyboard */; };
		FF737C72225AF563009BFC87 /* Class02Tests.swift in Sources */ = {isa = PBXBuildFile; fileRef = FF737C71225AF563009BFC87 /* Class02Tests.swift */; };
		FF737C7D225AF563009BFC87 /* Class02UITests.swift in Sources */ = {isa = PBXBuildFile; fileRef = FF737C7C225AF563009BFC87 /* Class02UITests.swift */; };
/* End PBXBuildFile section */

/* Begin PBXContainerItemProxy section */
		FF737C6E225AF563009BFC87 /* PBXContainerItemProxy */ = {
			isa = PBXContainerItemProxy;
			containerPortal = FF737C51225AF562009BFC87 /* Project object */;
			proxyType = 1;
			remoteGlobalIDString = FF737C58225AF562009BFC87;
			remoteInfo = Class02;
		};
		FF737C79225AF563009BFC87 /* PBXContainerItemProxy */ = {
			isa = PBXContainerItemProxy;
			containerPortal = FF737C51225AF562009BFC87 /* Project object */;
			proxyType = 1;
			remoteGlobalIDString = FF737C58225AF562009BFC87;
			remoteInfo = Class02;
		};
/* End PBXContainerItemProxy section */

/* Begin PBXFileReference section */
		FF737C59225AF562009BFC87 /* Class02.app */ = {isa = PBXFileReference; explicitFileType = wrapper.application; includeInIndex = 0; path = Class02.app; sourceTree = BUILT_PRODUCTS_DIR; };
		FF737C5C225AF562009BFC87 /* AppDelegate.swift */ = {isa = PBXFileReference; lastKnownFileType = sourcecode.swift; path = AppDelegate.swift; sourceTree = "<group>"; };
		FF737C5E225AF562009BFC87 /* ViewController.swift */ = {isa = PBXFileReference; lastKnownFileType = sourcecode.swift; path = ViewController.swift; sourceTree = "<group>"; };
		FF737C61225AF562009BFC87 /* Base */ = {isa = PBXFileReference; lastKnownFileType = file.storyboard; name = Base; path = Base.lproj/Main.storyboard; sourceTree = "<group>"; };
		FF737C63225AF563009BFC87 /* Assets.xcassets */ = {isa = PBXFileReference; lastKnownFileType = folder.assetcatalog; path = Assets.xcassets; sourceTree = "<group>"; };
		FF737C66225AF563009BFC87 /* Base */ = {isa = PBXFileReference; lastKnownFileType = file.storyboard; name = Base; path = Base.lproj/LaunchScreen.storyboard; sourceTree = "<group>"; };
		FF737C68225AF563009BFC87 /* Info.plist */ = {isa = PBXFileReference; lastKnownFileType = text.plist.xml; path = Info.plist; sourceTree = "<group>"; };
		FF737C6D225AF563009BFC87 /* Class02Tests.xctest */ = {isa = PBXFileReference; explicitFileType = wrapper.cfbundle; includeInIndex = 0; path = Class02Tests.xctest; sourceTree = BUILT_PRODUCTS_DIR; };
		FF737C71225AF563009BFC87 /* Class02Tests.swift */ = {isa = PBXFileReference; lastKnownFileType = sourcecode.swift; path = Class02Tests.swift; sourceTree = "<group>"; };
		FF737C73225AF563009BFC87 /* Info.plist */ = {isa = PBXFileReference; lastKnownFileType = text.plist.xml; path = Info.plist; sourceTree = "<group>"; };
		FF737C78225AF563009BFC87 /* Class02UITests.xctest */ = {isa = PBXFileReference; explicitFileType = wrapper.cfbundle; includeInIndex = 0; path = Class02UITests.xctest; sourceTree = BUILT_PRODUCTS_DIR; };
		FF737C7C225AF563009BFC87 /* Class02UITests.swift */ = {isa = PBXFileReference; lastKnownFileType = sourcecode.swift; path = Class02UITests.swift; sourceTree = "<group>"; };
		FF737C7E225AF563009BFC87 /* Info.plist */ = {isa = PBXFileReference; lastKnownFileType = text.plist.xml; path = Info.plist; sourceTree = "<group>"; };
/* End PBXFileReference section */

/* Begin PBXFrameworksBuildPhase section */
		FF737C56225AF562009BFC87 /* Frameworks */ = {
			isa = PBXFrameworksBuildPhase;
			buildActionMask = 2147483647;
			files = (
			);
			runOnlyForDeploymentPostprocessing = 0;
		};
		FF737C6A225AF563009BFC87 /* Frameworks */ = {
			isa = PBXFrameworksBuildPhase;
			buildActionMask = 2147483647;
			files = (
			);
			runOnlyForDeploymentPostprocessing = 0;
		};
		FF737C75225AF563009BFC87 /* Frameworks */ = {
			isa = PBXFrameworksBuildPhase;
			buildActionMask = 2147483647;
			files = (
			);
			runOnlyForDeploymentPostprocessing = 0;
		};
/* End PBXFrameworksBuildPhase section */

/* Begin PBXGroup section */
		FF737C50225AF562009BFC87 = {
			isa = PBXGroup;
			children = (
				FF737C5B225AF562009BFC87 /* Class02 */,
				FF737C70225AF563009BFC87 /* Class02Tests */,
				FF737C7B225AF563009BFC87 /* Class02UITests */,
				FF737C5A225AF562009BFC87 /* Products */,
			);
			sourceTree = "<group>";
		};
		FF737C5A225AF562009BFC87 /* Products */ = {
			isa = PBXGroup;
			children = (
				FF737C59225AF562009BFC87 /* Class02.app */,
				FF737C6D225AF563009BFC87 /* Class02Tests.xctest */,
				FF737C78225AF563009BFC87 /* Class02UITests.xctest */,
			);
			name = Products;
			sourceTree = "<group>";
		};
		FF737C5B225AF562009BFC87 /* Class02 */ = {
			isa = PBXGroup;
			children = (
				FF737C5C225AF562009BFC87 /* AppDelegate.swift */,
				FF737C5E225AF562009BFC87 /* ViewController.swift */,
				FF737C60225AF562009BFC87 /* Main.storyboard */,
				FF737C63225AF563009BFC87 /* Assets.xcassets */,
				FF737C65225AF563009BFC87 /* LaunchScreen.storyboard */,
				FF737C68225AF563009BFC87 /* Info.plist */,
			);
			path = Class02;
			sourceTree = "<group>";
		};
		FF737C70225AF563009BFC87 /* Class02Tests */ = {
			isa = PBXGroup;
			children = (
				FF737C71225AF563009BFC87 /* Class02Tests.swift */,
				FF737C73225AF563009BFC87 /* Info.plist */,
			);
			path = Class02Tests;
			sourceTree = "<group>";
		};
		FF737C7B225AF563009BFC87 /* Class02UITests */ = {
			isa = PBXGroup;
			children = (
				FF737C7C225AF563009BFC87 /* Class02UITests.swift */,
				FF737C7E225AF563009BFC87 /* Info.plist */,
			);
			path = Class02UITests;
			sourceTree = "<group>";
		};
/* End PBXGroup section */

/* Begin PBXNativeTarget section */
		FF737C58225AF562009BFC87 /* Class02 */ = {
			isa = PBXNativeTarget;
			buildConfigurationList = FF737C81225AF563009BFC87 /* Build configuration list for PBXNativeTarget "Class02" */;
			buildPhases = (
				FF737C55225AF562009BFC87 /* Sources */,
				FF737C56225AF562009BFC87 /* Frameworks */,
				FF737C57225AF562009BFC87 /* Resources */,
			);
			buildRules = (
			);
			dependencies = (
			);
			name = Class02;
			productName = Class02;
			productReference = FF737C59225AF562009BFC87 /* Class02.app */;
			productType = "com.apple.product-type.application";
		};
		FF737C6C225AF563009BFC87 /* Class02Tests */ = {
			isa = PBXNativeTarget;
			buildConfigurationList = FF737C84225AF563009BFC87 /* Build configuration list for PBXNativeTarget "Class02Tests" */;
			buildPhases = (
				FF737C69225AF563009BFC87 /* Sources */,
				FF737C6A225AF563009BFC87 /* Frameworks */,
				FF737C6B225AF563009BFC87 /* Resources */,
			);
			buildRules = (
			);
			dependencies = (
				FF737C6F225AF563009BFC87 /* PBXTargetDependency */,
			);
			name = Class02Tests;
			productName = Class02Tests;
			productReference = FF737C6D225AF563009BFC87 /* Class02Tests.xctest */;
			productType = "com.apple.product-type.bundle.unit-test";
		};
		FF737C77225AF563009BFC87 /* Class02UITests */ = {
			isa = PBXNativeTarget;
			buildConfigurationList = FF737C87225AF563009BFC87 /* Build configuration list for PBXNativeTarget "Class02UITests" */;
			buildPhases = (
				FF737C74225AF563009BFC87 /* Sources */,
				FF737C75225AF563009BFC87 /* Frameworks */,
				FF737C76225AF563009BFC87 /* Resources */,
			);
			buildRules = (
			);
			dependencies = (
				FF737C7A225AF563009BFC87 /* PBXTargetDependency */,
			);
			name = Class02UITests;
			productName = Class02UITests;
			productReference = FF737C78225AF563009BFC87 /* Class02UITests.xctest */;
			productType = "com.apple.product-type.bundle.ui-testing";
		};
/* End PBXNativeTarget section */

/* Begin PBXProject section */
		FF737C51225AF562009BFC87 /* Project object */ = {
			isa = PBXProject;
			attributes = {
				LastSwiftUpdateCheck = 1010;
				LastUpgradeCheck = 1010;
				ORGANIZATIONNAME = "L20102-02";
				TargetAttributes = {
					FF737C58225AF562009BFC87 = {
						CreatedOnToolsVersion = 10.1;
					};
					FF737C6C225AF563009BFC87 = {
						CreatedOnToolsVersion = 10.1;
						TestTargetID = FF737C58225AF562009BFC87;
					};
					FF737C77225AF563009BFC87 = {
						CreatedOnToolsVersion = 10.1;
						TestTargetID = FF737C58225AF562009BFC87;
					};
				};
			};
			buildConfigurationList = FF737C54225AF562009BFC87 /* Build configuration list for PBXProject "Class02" */;
			compatibilityVersion = "Xcode 9.3";
			developmentRegion = en;
			hasScannedForEncodings = 0;
			knownRegions = (
				en,
				Base,
			);
			mainGroup = FF737C50225AF562009BFC87;
			productRefGroup = FF737C5A225AF562009BFC87 /* Products */;
			projectDirPath = "";
			projectRoot = "";
			targets = (
				FF737C58225AF562009BFC87 /* Class02 */,
				FF737C6C225AF563009BFC87 /* Class02Tests */,
				FF737C77225AF563009BFC87 /* Class02UITests */,
			);
		};
/* End PBXProject section */

/* Begin PBXResourcesBuildPhase section */
		FF737C57225AF562009BFC87 /* Resources */ = {
			isa = PBXResourcesBuildPhase;
			buildActionMask = 2147483647;
			files = (
				FF737C67225AF563009BFC87 /* LaunchScreen.storyboard in Resources */,
				FF737C64225AF563009BFC87 /* Assets.xcassets in Resources */,
				FF737C62225AF562009BFC87 /* Main.storyboard in Resources */,
			);
			runOnlyForDeploymentPostprocessing = 0;
		};
		FF737C6B225AF563009BFC87 /* Resources */ = {
			isa = PBXResourcesBuildPhase;
			buildActionMask = 2147483647;
			files = (
			);
			runOnlyForDeploymentPostprocessing = 0;
		};
		FF737C76225AF563009BFC87 /* Resources */ = {
			isa = PBXResourcesBuildPhase;
			buildActionMask = 2147483647;
			files = (
			);
			runOnlyForDeploymentPostprocessing = 0;
		};
/* End PBXResourcesBuildPhase section */

/* Begin PBXSourcesBuildPhase section */
		FF737C55225AF562009BFC87 /* Sources */ = {
			isa = PBXSourcesBuildPhase;
			buildActionMask = 2147483647;
			files = (
				FF737C5F225AF562009BFC87 /* ViewController.swift in Sources */,
				FF737C5D225AF562009BFC87 /* AppDelegate.swift in Sources */,
			);
			runOnlyForDeploymentPostprocessing = 0;
		};
		FF737C69225AF563009BFC87 /* Sources */ = {
			isa = PBXSourcesBuildPhase;
			buildActionMask = 2147483647;
			files = (
				FF737C72225AF563009BFC87 /* Class02Tests.swift in Sources */,
			);
			runOnlyForDeploymentPostprocessing = 0;
		};
		FF737C74225AF563009BFC87 /* Sources */ = {
			isa = PBXSourcesBuildPhase;
			buildActionMask = 2147483647;
			files = (
				FF737C7D225AF563009BFC87 /* Class02UITests.swift in Sources */,
			);
			runOnlyForDeploymentPostprocessing = 0;
		};
/* End PBXSourcesBuildPhase section */

/* Begin PBXTargetDependency section */
		FF737C6F225AF563009BFC87 /* PBXTargetDependency */ = {
			isa = PBXTargetDependency;
			target = FF737C58225AF562009BFC87 /* Class02 */;
			targetProxy = FF737C6E225AF563009BFC87 /* PBXContainerItemProxy */;
		};
		FF737C7A225AF563009BFC87 /* PBXTargetDependency */ = {
			isa = PBXTargetDependency;
			target = FF737C58225AF562009BFC87 /* Class02 */;
			targetProxy = FF737C79225AF563009BFC87 /* PBXContainerItemProxy */;
		};
/* End PBXTargetDependency section */

/* Begin PBXVariantGroup section */
		FF737C60225AF562009BFC87 /* Main.storyboard */ = {
			isa = PBXVariantGroup;
			children = (
				FF737C61225AF562009BFC87 /* Base */,
			);
			name = Main.storyboard;
			sourceTree = "<group>";
		};
		FF737C65225AF563009BFC87 /* LaunchScreen.storyboard */ = {
			isa = PBXVariantGroup;
			children = (
				FF737C66225AF563009BFC87 /* Base */,
			);
			name = LaunchScreen.storyboard;
			sourceTree = "<group>";
		};
/* End PBXVariantGroup section */

/* Begin XCBuildConfiguration section */
		FF737C7F225AF563009BFC87 /* Debug */ = {
			isa = XCBuildConfiguration;
			buildSettings = {
				ALWAYS_SEARCH_USER_PATHS = NO;
				CLANG_ANALYZER_NONNULL = YES;
				CLANG_ANALYZER_NUMBER_OBJECT_CONVERSION = YES_AGGRESSIVE;
				CLANG_CXX_LANGUAGE_STANDARD = "gnu++14";
				CLANG_CXX_LIBRARY = "libc++";
				CLANG_ENABLE_MODULES = YES;
				CLANG_ENABLE_OBJC_ARC = YES;
				CLANG_ENABLE_OBJC_WEAK = YES;
				CLANG_WARN_BLOCK_CAPTURE_AUTORELEASING = YES;
				CLANG_WARN_BOOL_CONVERSION = YES;
				CLANG_WARN_COMMA = YES;
				CLANG_WARN_CONSTANT_CONVERSION = YES;
				CLANG_WARN_DEPRECATED_OBJC_IMPLEMENTATIONS = YES;
				CLANG_WARN_DIRECT_OBJC_ISA_USAGE = YES_ERROR;
				CLANG_WARN_DOCUMENTATION_COMMENTS = YES;
				CLANG_WARN_EMPTY_BODY = YES;
				CLANG_WARN_ENUM_CONVERSION = YES;
				CLANG_WARN_INFINITE_RECURSION = YES;
				CLANG_WARN_INT_CONVERSION = YES;
				CLANG_WARN_NON_LITERAL_NULL_CONVERSION = YES;
				CLANG_WARN_OBJC_IMPLICIT_RETAIN_SELF = YES;
				CLANG_WARN_OBJC_LITERAL_CONVERSION = YES;
				CLANG_WARN_OBJC_ROOT_CLASS = YES_ERROR;
				CLANG_WARN_RANGE_LOOP_ANALYSIS = YES;
				CLANG_WARN_STRICT_PROTOTYPES = YES;
				CLANG_WARN_SUSPICIOUS_MOVE = YES;
				CLANG_WARN_UNGUARDED_AVAILABILITY = YES_AGGRESSIVE;
				CLANG_WARN_UNREACHABLE_CODE = YES;
				CLANG_WARN__DUPLICATE_METHOD_MATCH = YES;
				CODE_SIGN_IDENTITY = "iPhone Developer";
				COPY_PHASE_STRIP = NO;
				DEBUG_INFORMATION_FORMAT = dwarf;
				ENABLE_STRICT_OBJC_MSGSEND = YES;
				ENABLE_TESTABILITY = YES;
				GCC_C_LANGUAGE_STANDARD = gnu11;
				GCC_DYNAMIC_NO_PIC = NO;
				GCC_NO_COMMON_BLOCKS = YES;
				GCC_OPTIMIZATION_LEVEL = 0;
				GCC_PREPROCESSOR_DEFINITIONS = (
					"DEBUG=1",
					"$(inherited)",
				);
				GCC_WARN_64_TO_32_BIT_CONVERSION = YES;
				GCC_WARN_ABOUT_RETURN_TYPE = YES_ERROR;
				GCC_WARN_UNDECLARED_SELECTOR = YES;
				GCC_WARN_UNINITIALIZED_AUTOS = YES_AGGRESSIVE;
				GCC_WARN_UNUSED_FUNCTION = YES;
				GCC_WARN_UNUSED_VARIABLE = YES;
				IPHONEOS_DEPLOYMENT_TARGET = 12.1;
				MTL_ENABLE_DEBUG_INFO = INCLUDE_SOURCE;
				MTL_FAST_MATH = YES;
				ONLY_ACTIVE_ARCH = YES;
				SDKROOT = iphoneos;
				SWIFT_ACTIVE_COMPILATION_CONDITIONS = DEBUG;
				SWIFT_OPTIMIZATION_LEVEL = "-Onone";
			};
			name = Debug;
		};
		FF737C80225AF563009BFC87 /* Release */ = {
			isa = XCBuildConfiguration;
			buildSettings = {
				ALWAYS_SEARCH_USER_PATHS = NO;
				CLANG_ANALYZER_NONNULL = YES;
				CLANG_ANALYZER_NUMBER_OBJECT_CONVERSION = YES_AGGRESSIVE;
				CLANG_CXX_LANGUAGE_STANDARD = "gnu++14";
				CLANG_CXX_LIBRARY = "libc++";
				CLANG_ENABLE_MODULES = YES;
				CLANG_ENABLE_OBJC_ARC = YES;
				CLANG_ENABLE_OBJC_WEAK = YES;
				CLANG_WARN_BLOCK_CAPTURE_AUTORELEASING = YES;
				CLANG_WARN_BOOL_CONVERSION = YES;
				CLANG_WARN_COMMA = YES;
				CLANG_WARN_CONSTANT_CONVERSION = YES;
				CLANG_WARN_DEPRECATED_OBJC_IMPLEMENTATIONS = YES;
				CLANG_WARN_DIRECT_OBJC_ISA_USAGE = YES_ERROR;
				CLANG_WARN_DOCUMENTATION_COMMENTS = YES;
				CLANG_WARN_EMPTY_BODY = YES;
				CLANG_WARN_ENUM_CONVERSION = YES;
				CLANG_WARN_INFINITE_RECURSION = YES;
				CLANG_WARN_INT_CONVERSION = YES;
				CLANG_WARN_NON_LITERAL_NULL_CONVERSION = YES;
				CLANG_WARN_OBJC_IMPLICIT_RETAIN_SELF = YES;
				CLANG_WARN_OBJC_LITERAL_CONVERSION = YES;
				CLANG_WARN_OBJC_ROOT_CLASS = YES_ERROR;
				CLANG_WARN_RANGE_LOOP_ANALYSIS = YES;
				CLANG_WARN_STRICT_PROTOTYPES = YES;
				CLANG_WARN_SUSPICIOUS_MOVE = YES;
				CLANG_WARN_UNGUARDED_AVAILABILITY = YES_AGGRESSIVE;
				CLANG_WARN_UNREACHABLE_CODE = YES;
				CLANG_WARN__DUPLICATE_METHOD_MATCH = YES;
				CODE_SIGN_IDENTITY = "iPhone Developer";
				COPY_PHASE_STRIP = NO;
				DEBUG_INFORMATION_FORMAT = "dwarf-with-dsym";
				ENABLE_NS_ASSERTIONS = NO;
				ENABLE_STRICT_OBJC_MSGSEND = YES;
				GCC_C_LANGUAGE_STANDARD = gnu11;
				GCC_NO_COMMON_BLOCKS = YES;
				GCC_WARN_64_TO_32_BIT_CONVERSION = YES;
				GCC_WARN_ABOUT_RETURN_TYPE = YES_ERROR;
				GCC_WARN_UNDECLARED_SELECTOR = YES;
				GCC_WARN_UNINITIALIZED_AUTOS = YES_AGGRESSIVE;
				GCC_WARN_UNUSED_FUNCTION = YES;
				GCC_WARN_UNUSED_VARIABLE = YES;
				IPHONEOS_DEPLOYMENT_TARGET = 12.1;
				MTL_ENABLE_DEBUG_INFO = NO;
				MTL_FAST_MATH = YES;
				SDKROOT = iphoneos;
				SWIFT_COMPILATION_MODE = wholemodule;
				SWIFT_OPTIMIZATION_LEVEL = "-O";
				VALIDATE_PRODUCT = YES;
			};
			name = Release;
		};
		FF737C82225AF563009BFC87 /* Debug */ = {
			isa = XCBuildConfiguration;
			buildSettings = {
				ASSETCATALOG_COMPILER_APPICON_NAME = AppIcon;
				CODE_SIGN_STYLE = Automatic;
				INFOPLIST_FILE = Class02/Info.plist;
				LD_RUNPATH_SEARCH_PATHS = (
					"$(inherited)",
					"@executable_path/Frameworks",
				);
				PRODUCT_BUNDLE_IDENTIFIER = edu.cjcu.Class02;
				PRODUCT_NAME = "$(TARGET_NAME)";
				SWIFT_VERSION = 4.2;
				TARGETED_DEVICE_FAMILY = "1,2";
			};
			name = Debug;
		};
		FF737C83225AF563009BFC87 /* Release */ = {
			isa = XCBuildConfiguration;
			buildSettings = {
				ASSETCATALOG_COMPILER_APPICON_NAME = AppIcon;
				CODE_SIGN_STYLE = Automatic;
				INFOPLIST_FILE = Class02/Info.plist;
				LD_RUNPATH_SEARCH_PATHS = (
					"$(inherited)",
					"@executable_path/Frameworks",
				);
				PRODUCT_BUNDLE_IDENTIFIER = edu.cjcu.Class02;
				PRODUCT_NAME = "$(TARGET_NAME)";
				SWIFT_VERSION = 4.2;
				TARGETED_DEVICE_FAMILY = "1,2";
			};
			name = Release;
		};
		FF737C85225AF563009BFC87 /* Debug */ = {
			isa = XCBuildConfiguration;
			buildSettings = {
				ALWAYS_EMBED_SWIFT_STANDARD_LIBRARIES = YES;
				BUNDLE_LOADER = "$(TEST_HOST)";
				CODE_SIGN_STYLE = Automatic;
				INFOPLIST_FILE = Class02Tests/Info.plist;
				LD_RUNPATH_SEARCH_PATHS = (
					"$(inherited)",
					"@executable_path/Frameworks",
					"@loader_path/Frameworks",
				);
				PRODUCT_BUNDLE_IDENTIFIER = edu.cjcu.Class02Tests;
				PRODUCT_NAME = "$(TARGET_NAME)";
				SWIFT_VERSION = 4.2;
				TARGETED_DEVICE_FAMILY = "1,2";
				TEST_HOST = "$(BUILT_PRODUCTS_DIR)/Class02.app/Class02";
			};
			name = Debug;
		};
		FF737C86225AF563009BFC87 /* Release */ = {
			isa = XCBuildConfiguration;
			buildSettings = {
				ALWAYS_EMBED_SWIFT_STANDARD_LIBRARIES = YES;
				BUNDLE_LOADER = "$(TEST_HOST)";
				CODE_SIGN_STYLE = Automatic;
				INFOPLIST_FILE = Class02Tests/Info.plist;
				LD_RUNPATH_SEARCH_PATHS = (
					"$(inherited)",
					"@executable_path/Frameworks",
					"@loader_path/Frameworks",
				);
				PRODUCT_BUNDLE_IDENTIFIER = edu.cjcu.Class02Tests;
				PRODUCT_NAME = "$(TARGET_NAME)";
				SWIFT_VERSION = 4.2;
				TARGETED_DEVICE_FAMILY = "1,2";
				TEST_HOST = "$(BUILT_PRODUCTS_DIR)/Class02.app/Class02";
			};
			name = Release;
		};
		FF737C88225AF563009BFC87 /* Debug */ = {
			isa = XCBuildConfiguration;
			buildSettings = {
				ALWAYS_EMBED_SWIFT_STANDARD_LIBRARIES = YES;
				CODE_SIGN_STYLE = Automatic;
				INFOPLIST_FILE = Class02UITests/Info.plist;
				LD_RUNPATH_SEARCH_PATHS = (
					"$(inherited)",
					"@executable_path/Frameworks",
					"@loader_path/Frameworks",
				);
				PRODUCT_BUNDLE_IDENTIFIER = edu.cjcu.Class02UITests;
				PRODUCT_NAME = "$(TARGET_NAME)";
				SWIFT_VERSION = 4.2;
				TARGETED_DEVICE_FAMILY = "1,2";
				TEST_TARGET_NAME = Class02;
			};
			name = Debug;
		};
		FF737C89225AF563009BFC87 /* Release */ = {
			isa = XCBuildConfiguration;
			buildSettings = {
				ALWAYS_EMBED_SWIFT_STANDARD_LIBRARIES = YES;
				CODE_SIGN_STYLE = Automatic;
				INFOPLIST_FILE = Class02UITests/Info.plist;
				LD_RUNPATH_SEARCH_PATHS = (
					"$(inherited)",
					"@executable_path/Frameworks",
					"@loader_path/Frameworks",
				);
				PRODUCT_BUNDLE_IDENTIFIER = edu.cjcu.Class02UITests;
				PRODUCT_NAME = "$(TARGET_NAME)";
				SWIFT_VERSION = 4.2;
				TARGETED_DEVICE_FAMILY = "1,2";
				TEST_TARGET_NAME = Class02;
			};
			name = Release;
		};
/* End XCBuildConfiguration section */

/* Begin XCConfigurationList section */
		FF737C54225AF562009BFC87 /* Build configuration list for PBXProject "Class02" */ = {
			isa = XCConfigurationList;
			buildConfigurations = (
				FF737C7F225AF563009BFC87 /* Debug */,
				FF737C80225AF563009BFC87 /* Release */,
			);
			defaultConfigurationIsVisible = 0;
			defaultConfigurationName = Release;
		};
		FF737C81225AF563009BFC87 /* Build configuration list for PBXNativeTarget "Class02" */ = {
			isa = XCConfigurationList;
			buildConfigurations = (
				FF737C82225AF563009BFC87 /* Debug */,
				FF737C83225AF563009BFC87 /* Release */,
			);
			defaultConfigurationIsVisible = 0;
			defaultConfigurationName = Release;
		};
		FF737C84225AF563009BFC87 /* Build configuration list for PBXNativeTarget "Class02Tests" */ = {
			isa = XCConfigurationList;
			buildConfigurations = (
				FF737C85225AF563009BFC87 /* Debug */,
				FF737C86225AF563009BFC87 /* Release */,
			);
			defaultConfigurationIsVisible = 0;
			defaultConfigurationName = Release;
		};
		FF737C87225AF563009BFC87 /* Build configuration list for PBXNativeTarget "Class02UITests" */ = {
			isa = XCConfigurationList;
			buildConfigurations = (
				FF737C88225AF563009BFC87 /* Debug */,
				FF737C89225AF563009BFC87 /* Release */,
			);
			defaultConfigurationIsVisible = 0;
			defaultConfigurationName = Release;
		};
/* End XCConfigurationList section */
	};
	rootObject = FF737C51225AF562009BFC87 /* Project object */;
}
